
Microsoft Visual Studio Solution File, Format Version 12.00
# Visual Studio Version 16
VisualStudioVersion = 16.0.33927.289
MinimumVisualStudioVersion = 10.0.40219.1
Project("{2150E333-8FDC-42A3-9474-1A3956D46DE8}") = "Task0", "Task0", "{E44F2B46-E98E-4681-82E1-62F34E2BDBB5}"
EndProject
Project("{FAE04EC0-301F-11D3-BF4B-00C04F79EFBC}") = "Tyuiu.SugrovskiyNI.Sprint2.Task0.V6", "Tyuiu.SugrovskiyNI.Sprint2.Task0.V6\Tyuiu.SugrovskiyNI.Sprint2.Task0.V6.csproj", "{ADC8A6A6-929E-4460-ABE5-35AAC4605434}"
EndProject
Project("{FAE04EC0-301F-11D3-BF4B-00C04F79EFBC}") = "Tyuiu.SugrovskiyNI.Sprint2.Task0.V6.Lib", "Tyuiu.SugrovskiyNI.Sprint2.Task0.V6.Lib\Tyuiu.SugrovskiyNI.Sprint2.Task0.V6.Lib.csproj", "{76904A18-D768-42A4-B3C7-9AFE0C1A240C}"
EndProject
Project("{FAE04EC0-301F-11D3-BF4B-00C04F79EFBC}") = "Tyuiu.SugrovskiyNI.Sprint2.Task0.V6.Test", "Tyuiu.SugrovskiyNI.Sprint2.Task0.V6.Test\Tyuiu.SugrovskiyNI.Sprint2.Task0.V6.Test.csproj", "{A664FDEB-B211-4A94-B356-05DFC84EC485}"
EndProject
Project("{2150E333-8FDC-42A3-9474-1A3956D46DE8}") = "Task1", "Task1", "{78C4EE62-DEE8-455F-AF7C-E7D58A2BF812}"
EndProject
Project("{FAE04EC0-301F-11D3-BF4B-00C04F79EFBC}") = "Tyuiu.SugrovskiyNI.Sprint2.Task1.V2", "Tyuiu.SugrovskiyNI.Sprint2.Task1.V2\Tyuiu.SugrovskiyNI.Sprint2.Task1.V2.csproj", "{1A933E4A-4551-46F3-95E1-F3EBDA6521A7}"
EndProject
Project("{FAE04EC0-301F-11D3-BF4B-00C04F79EFBC}") = "Tyuiu.SugrovskiyNI.Sprint2.Task1.V2.Lib", "Tyuiu.SugrovskiyNI.Sprint2.Task1.V2.Lib\Tyuiu.SugrovskiyNI.Sprint2.Task1.V2.Lib.csproj", "{B79ABC20-8046-44B7-8BCE-EEC4B834240E}"
EndProject
Project("{FAE04EC0-301F-11D3-BF4B-00C04F79EFBC}") = "Tyuiu.SugrovskiyNI.Sprint2.Task1.V2.Test", "Tyuiu.SugrovskiyNI.Sprint2.Task1.V2.Test\Tyuiu.SugrovskiyNI.Sprint2.Task1.V2.Test.csproj", "{4A5C8B4F-B40B-432D-845C-BEFF44BC23AC}"
EndProject
Project("{2150E333-8FDC-42A3-9474-1A3956D46DE8}") = "Task2", "Task2", "{2745A610-BF5E-4E27-AB28-6336C603DB72}"
EndProject
Project("{FAE04EC0-301F-11D3-BF4B-00C04F79EFBC}") = "Tyuiu.SugrovskiyNI.Sprint2.Task2.V19", "Tyuiu.SugrovskiyNI.Sprint2.Task2.V19\Tyuiu.SugrovskiyNI.Sprint2.Task2.V19.csproj", "{AEC9CB5C-48F0-4FFF-BF93-543C5DDD928E}"
EndProject
Project("{FAE04EC0-301F-11D3-BF4B-00C04F79EFBC}") = "Tyuiu.SugrovskiyNI.Sprint2.Task2.V19.Lib", "Tyuiu.SugrovskiyNI.Sprint2.Task2.V19.Lib\Tyuiu.SugrovskiyNI.Sprint2.Task2.V19.Lib.csproj", "{BEC5DA9B-A43D-416D-94C1-E54E8A7A7B8E}"
EndProject
Project("{FAE04EC0-301F-11D3-BF4B-00C04F79EFBC}") = "Tyuiu.SugrovskiyNI.Sprint2.Task2.V19.Test", "Tyuiu.SugrovskiyNI.Sprint2.Task2.V19.Test\Tyuiu.SugrovskiyNI.Sprint2.Task2.V19.Test.csproj", "{0748C40C-CB31-49FB-8C04-FA9B9014687F}"
EndProject
Project("{2150E333-8FDC-42A3-9474-1A3956D46DE8}") = "Task3", "Task3", "{C5586050-832A-447D-8334-3F4115687E43}"
EndProject
Project("{FAE04EC0-301F-11D3-BF4B-00C04F79EFBC}") = "Tyuiu.SugrovskiyNI.Sprint2.Task3.V5", "Tyuiu.SugrovskiyNI.Sprint2.Task3.V5\Tyuiu.SugrovskiyNI.Sprint2.Task3.V5.csproj", "{1A6F30F0-B8BF-45C2-A337-89216CEC4B06}"
EndProject
Project("{FAE04EC0-301F-11D3-BF4B-00C04F79EFBC}") = "Tyuiu.SugrovskiyNI.Sprint2.Task3.V5.Lib", "Tyuiu.SugrovskiyNI.Sprint2.Task3.V5.Lib\Tyuiu.SugrovskiyNI.Sprint2.Task3.V5.Lib.csproj", "{8B987301-FDA0-49AB-BD89-D45876C9706B}"
EndProject
Project("{FAE04EC0-301F-11D3-BF4B-00C04F79EFBC}") = "Tyuiu.SugrovskiyNI.Sprint2.Task3.V5.Test", "Tyuiu.SugrovskiyNI.Sprint2.Task3.V5.Test\Tyuiu.SugrovskiyNI.Sprint2.Task3.V5.Test.csproj", "{1BC6184A-7A6D-4484-8F0E-DC2BAF7D161B}"
EndProject
Project("{2150E333-8FDC-42A3-9474-1A3956D46DE8}") = "Task4", "Task4", "{D136E84E-BFA9-4F0D-A05E-BF760AF117C0}"
EndProject
Project("{FAE04EC0-301F-11D3-BF4B-00C04F79EFBC}") = "Tyuiu.SugrovskiyNI.Sprint2.Task4.V13", "Tyuiu.SugrovskiyNI.Sprint2.Task4.V13\Tyuiu.SugrovskiyNI.Sprint2.Task4.V13.csproj", "{B9135E1C-DD61-4927-94D3-27AC4D1015A4}"
EndProject
Project("{FAE04EC0-301F-11D3-BF4B-00C04F79EFBC}") = "Tyuiu.SugrovskiyNI.Sprint2.Task4.V13.Lib", "Tyuiu.SugrovskiyNI.Sprint2.Task4.V13.Lib\Tyuiu.SugrovskiyNI.Sprint2.Task4.V13.Lib.csproj", "{C957D5EC-21C7-4233-A63F-C3C939537091}"
EndProject
Project("{FAE04EC0-301F-11D3-BF4B-00C04F79EFBC}") = "Tyuiu.SugrovskiyNI.Sprint2.Task4.V13.Test", "Tyuiu.SugrovskiyNI.Sprint2.Task4.V13.Test\Tyuiu.SugrovskiyNI.Sprint2.Task4.V13.Test.csproj", "{E8CFB93F-1B61-4679-8C05-2BA3EBDD4111}"
EndProject
Global
	GlobalSection(SolutionConfigurationPlatforms) = preSolution
		Debug|Any CPU = Debug|Any CPU
		Release|Any CPU = Release|Any CPU
	EndGlobalSection
	GlobalSection(ProjectConfigurationPlatforms) = postSolution
		{ADC8A6A6-929E-4460-ABE5-35AAC4605434}.Debug|Any CPU.ActiveCfg = Debug|Any CPU
		{ADC8A6A6-929E-4460-ABE5-35AAC4605434}.Debug|Any CPU.Build.0 = Debug|Any CPU
		{ADC8A6A6-929E-4460-ABE5-35AAC4605434}.Release|Any CPU.ActiveCfg = Release|Any CPU
		{ADC8A6A6-929E-4460-ABE5-35AAC4605434}.Release|Any CPU.Build.0 = Release|Any CPU
		{76904A18-D768-42A4-B3C7-9AFE0C1A240C}.Debug|Any CPU.ActiveCfg = Debug|Any CPU
		{76904A18-D768-42A4-B3C7-9AFE0C1A240C}.Debug|Any CPU.Build.0 = Debug|Any CPU
		{76904A18-D768-42A4-B3C7-9AFE0C1A240C}.Release|Any CPU.ActiveCfg = Release|Any CPU
		{76904A18-D768-42A4-B3C7-9AFE0C1A240C}.Release|Any CPU.Build.0 = Release|Any CPU
		{A664FDEB-B211-4A94-B356-05DFC84EC485}.Debug|Any CPU.ActiveCfg = Debug|Any CPU
		{A664FDEB-B211-4A94-B356-05DFC84EC485}.Debug|Any CPU.Build.0 = Debug|Any CPU
		{A664FDEB-B211-4A94-B356-05DFC84EC485}.Release|Any CPU.ActiveCfg = Release|Any CPU
		{A664FDEB-B211-4A94-B356-05DFC84EC485}.Release|Any CPU.Build.0 = Release|Any CPU
		{1A933E4A-4551-46F3-95E1-F3EBDA6521A7}.Debug|Any CPU.ActiveCfg = Debug|Any CPU
		{1A933E4A-4551-46F3-95E1-F3EBDA6521A7}.Debug|Any CPU.Build.0 = Debug|Any CPU
		{1A933E4A-4551-46F3-95E1-F3EBDA6521A7}.Release|Any CPU.ActiveCfg = Release|Any CPU
		{1A933E4A-4551-46F3-95E1-F3EBDA6521A7}.Release|Any CPU.Build.0 = Release|Any CPU
		{B79ABC20-8046-44B7-8BCE-EEC4B834240E}.Debug|Any CPU.ActiveCfg = Debug|Any CPU
		{B79ABC20-8046-44B7-8BCE-EEC4B834240E}.Debug|Any CPU.Build.0 = Debug|Any CPU
		{B79ABC20-8046-44B7-8BCE-EEC4B834240E}.Release|Any CPU.ActiveCfg = Release|Any CPU
		{B79ABC20-8046-44B7-8BCE-EEC4B834240E}.Release|Any CPU.Build.0 = Release|Any CPU
		{4A5C8B4F-B40B-432D-845C-BEFF44BC23AC}.Debug|Any CPU.ActiveCfg = Debug|Any CPU
		{4A5C8B4F-B40B-432D-845C-BEFF44BC23AC}.Debug|Any CPU.Build.0 = Debug|Any CPU
		{4A5C8B4F-B40B-432D-845C-BEFF44BC23AC}.Release|Any CPU.ActiveCfg = Release|Any CPU
		{4A5C8B4F-B40B-432D-845C-BEFF44BC23AC}.Release|Any CPU.Build.0 = Release|Any CPU
		{AEC9CB5C-48F0-4FFF-BF93-543C5DDD928E}.Debug|Any CPU.ActiveCfg = Debug|Any CPU
		{AEC9CB5C-48F0-4FFF-BF93-543C5DDD928E}.Debug|Any CPU.Build.0 = Debug|Any CPU
		{AEC9CB5C-48F0-4FFF-BF93-543C5DDD928E}.Release|Any CPU.ActiveCfg = Release|Any CPU
		{AEC9CB5C-48F0-4FFF-BF93-543C5DDD928E}.Release|Any CPU.Build.0 = Release|Any CPU
		{BEC5DA9B-A43D-416D-94C1-E54E8A7A7B8E}.Debug|Any CPU.ActiveCfg = Debug|Any CPU
		{BEC5DA9B-A43D-416D-94C1-E54E8A7A7B8E}.Debug|Any CPU.Build.0 = Debug|Any CPU
		{BEC5DA9B-A43D-416D-94C1-E54E8A7A7B8E}.Release|Any CPU.ActiveCfg = Release|Any CPU
		{BEC5DA9B-A43D-416D-94C1-E54E8A7A7B8E}.Release|Any CPU.Build.0 = Release|Any CPU
		{0748C40C-CB31-49FB-8C04-FA9B9014687F}.Debug|Any CPU.ActiveCfg = Debug|Any CPU
		{0748C40C-CB31-49FB-8C04-FA9B9014687F}.Debug|Any CPU.Build.0 = Debug|Any CPU
		{0748C40C-CB31-49FB-8C04-FA9B9014687F}.Release|Any CPU.ActiveCfg = Release|Any CPU
		{0748C40C-CB31-49FB-8C04-FA9B9014687F}.Release|Any CPU.Build.0 = Release|Any CPU
		{1A6F30F0-B8BF-45C2-A337-89216CEC4B06}.Debug|Any CPU.ActiveCfg = Debug|Any CPU
		{1A6F30F0-B8BF-45C2-A337-89216CEC4B06}.Debug|Any CPU.Build.0 = Debug|Any CPU
		{1A6F30F0-B8BF-45C2-A337-89216CEC4B06}.Release|Any CPU.ActiveCfg = Release|Any CPU
		{1A6F30F0-B8BF-45C2-A337-89216CEC4B06}.Release|Any CPU.Build.0 = Release|Any CPU
		{8B987301-FDA0-49AB-BD89-D45876C9706B}.Debug|Any CPU.ActiveCfg = Debug|Any CPU
		{8B987301-FDA0-49AB-BD89-D45876C9706B}.Debug|Any CPU.Build.0 = Debug|Any CPU
		{8B987301-FDA0-49AB-BD89-D45876C9706B}.Release|Any CPU.ActiveCfg = Release|Any CPU
		{8B987301-FDA0-49AB-BD89-D45876C9706B}.Release|Any CPU.Build.0 = Release|Any CPU
		{1BC6184A-7A6D-4484-8F0E-DC2BAF7D161B}.Debug|Any CPU.ActiveCfg = Debug|Any CPU
		{1BC6184A-7A6D-4484-8F0E-DC2BAF7D161B}.Debug|Any CPU.Build.0 = Debug|Any CPU
		{1BC6184A-7A6D-4484-8F0E-DC2BAF7D161B}.Release|Any CPU.ActiveCfg = Release|Any CPU
		{1BC6184A-7A6D-4484-8F0E-DC2BAF7D161B}.Release|Any CPU.Build.0 = Release|Any CPU
		{B9135E1C-DD61-4927-94D3-27AC4D1015A4}.Debug|Any CPU.ActiveCfg = Debug|Any CPU
		{B9135E1C-DD61-4927-94D3-27AC4D1015A4}.Debug|Any CPU.Build.0 = Debug|Any CPU
		{B9135E1C-DD61-4927-94D3-27AC4D1015A4}.Release|Any CPU.ActiveCfg = Release|Any CPU
		{B9135E1C-DD61-4927-94D3-27AC4D1015A4}.Release|Any CPU.Build.0 = Release|Any CPU
		{C957D5EC-21C7-4233-A63F-C3C939537091}.Debug|Any CPU.ActiveCfg = Debug|Any CPU
		{C957D5EC-21C7-4233-A63F-C3C939537091}.Debug|Any CPU.Build.0 = Debug|Any CPU
		{C957D5EC-21C7-4233-A63F-C3C939537091}.Release|Any CPU.ActiveCfg = Release|Any CPU
		{C957D5EC-21C7-4233-A63F-C3C939537091}.Release|Any CPU.Build.0 = Release|Any CPU
		{E8CFB93F-1B61-4679-8C05-2BA3EBDD4111}.Debug|Any CPU.ActiveCfg = Debug|Any CPU
		{E8CFB93F-1B61-4679-8C05-2BA3EBDD4111}.Debug|Any CPU.Build.0 = Debug|Any CPU
		{E8CFB93F-1B61-4679-8C05-2BA3EBDD4111}.Release|Any CPU.ActiveCfg = Release|Any CPU
		{E8CFB93F-1B61-4679-8C05-2BA3EBDD4111}.Release|Any CPU.Build.0 = Release|Any CPU
	EndGlobalSection
	GlobalSection(SolutionProperties) = preSolution
		HideSolutionNode = FALSE
	EndGlobalSection
	GlobalSection(NestedProjects) = preSolution
		{ADC8A6A6-929E-4460-ABE5-35AAC4605434} = {E44F2B46-E98E-4681-82E1-62F34E2BDBB5}
		{76904A18-D768-42A4-B3C7-9AFE0C1A240C} = {E44F2B46-E98E-4681-82E1-62F34E2BDBB5}
		{A664FDEB-B211-4A94-B356-05DFC84EC485} = {E44F2B46-E98E-4681-82E1-62F34E2BDBB5}
		{1A933E4A-4551-46F3-95E1-F3EBDA6521A7} = {78C4EE62-DEE8-455F-AF7C-E7D58A2BF812}
		{B79ABC20-8046-44B7-8BCE-EEC4B834240E} = {78C4EE62-DEE8-455F-AF7C-E7D58A2BF812}
		{4A5C8B4F-B40B-432D-845C-BEFF44BC23AC} = {78C4EE62-DEE8-455F-AF7C-E7D58A2BF812}
		{AEC9CB5C-48F0-4FFF-BF93-543C5DDD928E} = {2745A610-BF5E-4E27-AB28-6336C603DB72}
		{BEC5DA9B-A43D-416D-94C1-E54E8A7A7B8E} = {2745A610-BF5E-4E27-AB28-6336C603DB72}
		{0748C40C-CB31-49FB-8C04-FA9B9014687F} = {2745A610-BF5E-4E27-AB28-6336C603DB72}
		{1A6F30F0-B8BF-45C2-A337-89216CEC4B06} = {C5586050-832A-447D-8334-3F4115687E43}
		{8B987301-FDA0-49AB-BD89-D45876C9706B} = {C5586050-832A-447D-8334-3F4115687E43}
		{1BC6184A-7A6D-4484-8F0E-DC2BAF7D161B} = {C5586050-832A-447D-8334-3F4115687E43}
		{B9135E1C-DD61-4927-94D3-27AC4D1015A4} = {D136E84E-BFA9-4F0D-A05E-BF760AF117C0}
		{C957D5EC-21C7-4233-A63F-C3C939537091} = {D136E84E-BFA9-4F0D-A05E-BF760AF117C0}
		{E8CFB93F-1B61-4679-8C05-2BA3EBDD4111} = {D136E84E-BFA9-4F0D-A05E-BF760AF117C0}
	EndGlobalSection
	GlobalSection(ExtensibilityGlobals) = postSolution
		SolutionGuid = {D0B3E724-C16E-4B9C-A890-BF8672102044}
	EndGlobalSection
EndGlobal
